// !$*UTF8*$!
{
	archiveVersion = 1;
	classes = {
	};
	objectVersion = 46;
	objects = {

/* Begin PBXBuildFile section */
		3CB4CF401B6FF89D00EBEFEB /* AppDelegate.swift in Sources */ = {isa = PBXBuildFile; fileRef = 3CB4CF3F1B6FF89D00EBEFEB /* AppDelegate.swift */; };
		3CB4CF431B6FF89D00EBEFEB /* PLC.xcdatamodeld in Sources */ = {isa = PBXBuildFile; fileRef = 3CB4CF411B6FF89D00EBEFEB /* PLC.xcdatamodeld */; };
		3CB4CF451B6FF89D00EBEFEB /* ViewController.swift in Sources */ = {isa = PBXBuildFile; fileRef = 3CB4CF441B6FF89D00EBEFEB /* ViewController.swift */; };
		3CB4CF481B6FF89D00EBEFEB /* Main.storyboard in Resources */ = {isa = PBXBuildFile; fileRef = 3CB4CF461B6FF89D00EBEFEB /* Main.storyboard */; };
		3CB4CF4A1B6FF89D00EBEFEB /* Images.xcassets in Resources */ = {isa = PBXBuildFile; fileRef = 3CB4CF491B6FF89D00EBEFEB /* Images.xcassets */; };
		3CB4CF4D1B6FF89D00EBEFEB /* LaunchScreen.xib in Resources */ = {isa = PBXBuildFile; fileRef = 3CB4CF4B1B6FF89D00EBEFEB /* LaunchScreen.xib */; };
		3CB4CF591B6FF89D00EBEFEB /* PLCTests.swift in Sources */ = {isa = PBXBuildFile; fileRef = 3CB4CF581B6FF89D00EBEFEB /* PLCTests.swift */; };
/* End PBXBuildFile section */

/* Begin PBXContainerItemProxy section */
		3CB4CF531B6FF89D00EBEFEB /* PBXContainerItemProxy */ = {
			isa = PBXContainerItemProxy;
			containerPortal = 3CB4CF321B6FF89D00EBEFEB /* Project object */;
			proxyType = 1;
			remoteGlobalIDString = 3CB4CF391B6FF89D00EBEFEB;
			remoteInfo = PLC;
		};
/* End PBXContainerItemProxy section */

/* Begin PBXFileReference section */
		3CB4CF3A1B6FF89D00EBEFEB /* PLC.app */ = {isa = PBXFileReference; explicitFileType = wrapper.application; includeInIndex = 0; path = PLC.app; sourceTree = BUILT_PRODUCTS_DIR; };
		3CB4CF3E1B6FF89D00EBEFEB /* Info.plist */ = {isa = PBXFileReference; lastKnownFileType = text.plist.xml; path = Info.plist; sourceTree = "<group>"; };
		3CB4CF3F1B6FF89D00EBEFEB /* AppDelegate.swift */ = {isa = PBXFileReference; lastKnownFileType = sourcecode.swift; path = AppDelegate.swift; sourceTree = "<group>"; };
		3CB4CF421B6FF89D00EBEFEB /* PLC.xcdatamodel */ = {isa = PBXFileReference; lastKnownFileType = wrapper.xcdatamodel; path = PLC.xcdatamodel; sourceTree = "<group>"; };
		3CB4CF441B6FF89D00EBEFEB /* ViewController.swift */ = {isa = PBXFileReference; lastKnownFileType = sourcecode.swift; path = ViewController.swift; sourceTree = "<group>"; };
		3CB4CF471B6FF89D00EBEFEB /* Base */ = {isa = PBXFileReference; lastKnownFileType = file.storyboard; name = Base; path = Base.lproj/Main.storyboard; sourceTree = "<group>"; };
		3CB4CF491B6FF89D00EBEFEB /* Images.xcassets */ = {isa = PBXFileReference; lastKnownFileType = folder.assetcatalog; path = Images.xcassets; sourceTree = "<group>"; };
		3CB4CF4C1B6FF89D00EBEFEB /* Base */ = {isa = PBXFileReference; lastKnownFileType = file.xib; name = Base; path = Base.lproj/LaunchScreen.xib; sourceTree = "<group>"; };
		3CB4CF521B6FF89D00EBEFEB /* PLCTests.xctest */ = {isa = PBXFileReference; explicitFileType = wrapper.cfbundle; includeInIndex = 0; path = PLCTests.xctest; sourceTree = BUILT_PRODUCTS_DIR; };
		3CB4CF571B6FF89D00EBEFEB /* Info.plist */ = {isa = PBXFileReference; lastKnownFileType = text.plist.xml; path = Info.plist; sourceTree = "<group>"; };
		3CB4CF581B6FF89D00EBEFEB /* PLCTests.swift */ = {isa = PBXFileReference; lastKnownFileType = sourcecode.swift; path = PLCTests.swift; sourceTree = "<group>"; };
/* End PBXFileReference section */

/* Begin PBXFrameworksBuildPhase section */
		3CB4CF371B6FF89D00EBEFEB /* Frameworks */ = {
			isa = PBXFrameworksBuildPhase;
			buildActionMask = 2147483647;
			files = (
			);
			runOnlyForDeploymentPostprocessing = 0;
		};
		3CB4CF4F1B6FF89D00EBEFEB /* Frameworks */ = {
			isa = PBXFrameworksBuildPhase;
			buildActionMask = 2147483647;
			files = (
			);
			runOnlyForDeploymentPostprocessing = 0;
		};
/* End PBXFrameworksBuildPhase section */

/* Begin PBXGroup section */
		3CB4CF311B6FF89D00EBEFEB = {
			isa = PBXGroup;
			children = (
				3CB4CF3C1B6FF89D00EBEFEB /* PLC */,
				3CB4CF551B6FF89D00EBEFEB /* PLCTests */,
				3CB4CF3B1B6FF89D00EBEFEB /* Products */,
			);
			sourceTree = "<group>";
		};
		3CB4CF3B1B6FF89D00EBEFEB /* Products */ = {
			isa = PBXGroup;
			children = (
				3CB4CF3A1B6FF89D00EBEFEB /* PLC.app */,
				3CB4CF521B6FF89D00EBEFEB /* PLCTests.xctest */,
			);
			name = Products;
			sourceTree = "<group>";
		};
		3CB4CF3C1B6FF89D00EBEFEB /* PLC */ = {
			isa = PBXGroup;
			children = (
				3CB4CF3F1B6FF89D00EBEFEB /* AppDelegate.swift */,
				3CB4CF441B6FF89D00EBEFEB /* ViewController.swift */,
				3CB4CF461B6FF89D00EBEFEB /* Main.storyboard */,
				3CB4CF491B6FF89D00EBEFEB /* Images.xcassets */,
				3CB4CF4B1B6FF89D00EBEFEB /* LaunchScreen.xib */,
				3CB4CF411B6FF89D00EBEFEB /* PLC.xcdatamodeld */,
				3CB4CF3D1B6FF89D00EBEFEB /* Supporting Files */,
			);
			path = PLC;
			sourceTree = "<group>";
		};
		3CB4CF3D1B6FF89D00EBEFEB /* Supporting Files */ = {
			isa = PBXGroup;
			children = (
				3CB4CF3E1B6FF89D00EBEFEB /* Info.plist */,
			);
			name = "Supporting Files";
			sourceTree = "<group>";
		};
		3CB4CF551B6FF89D00EBEFEB /* PLCTests */ = {
			isa = PBXGroup;
			children = (
				3CB4CF581B6FF89D00EBEFEB /* PLCTests.swift */,
				3CB4CF561B6FF89D00EBEFEB /* Supporting Files */,
			);
			path = PLCTests;
			sourceTree = "<group>";
		};
		3CB4CF561B6FF89D00EBEFEB /* Supporting Files */ = {
			isa = PBXGroup;
			children = (
				3CB4CF571B6FF89D00EBEFEB /* Info.plist */,
			);
			name = "Supporting Files";
			sourceTree = "<group>";
		};
/* End PBXGroup section */

/* Begin PBXNativeTarget section */
		3CB4CF391B6FF89D00EBEFEB /* PLC */ = {
			isa = PBXNativeTarget;
			buildConfigurationList = 3CB4CF5C1B6FF89D00EBEFEB /* Build configuration list for PBXNativeTarget "PLC" */;
			buildPhases = (
				3CB4CF361B6FF89D00EBEFEB /* Sources */,
				3CB4CF371B6FF89D00EBEFEB /* Frameworks */,
				3CB4CF381B6FF89D00EBEFEB /* Resources */,
			);
			buildRules = (
			);
			dependencies = (
			);
			name = PLC;
			productName = PLC;
			productReference = 3CB4CF3A1B6FF89D00EBEFEB /* PLC.app */;
			productType = "com.apple.product-type.application";
		};
		3CB4CF511B6FF89D00EBEFEB /* PLCTests */ = {
			isa = PBXNativeTarget;
			buildConfigurationList = 3CB4CF5F1B6FF89D00EBEFEB /* Build configuration list for PBXNativeTarget "PLCTests" */;
			buildPhases = (
				3CB4CF4E1B6FF89D00EBEFEB /* Sources */,
				3CB4CF4F1B6FF89D00EBEFEB /* Frameworks */,
				3CB4CF501B6FF89D00EBEFEB /* Resources */,
			);
			buildRules = (
			);
			dependencies = (
				3CB4CF541B6FF89D00EBEFEB /* PBXTargetDependency */,
			);
			name = PLCTests;
			productName = PLCTests;
			productReference = 3CB4CF521B6FF89D00EBEFEB /* PLCTests.xctest */;
			productType = "com.apple.product-type.bundle.unit-test";
		};
/* End PBXNativeTarget section */

/* Begin PBXProject section */
		3CB4CF321B6FF89D00EBEFEB /* Project object */ = {
			isa = PBXProject;
			attributes = {
				LastUpgradeCheck = 0640;
				ORGANIZATIONNAME = mani1337;
				TargetAttributes = {
					3CB4CF391B6FF89D00EBEFEB = {
						CreatedOnToolsVersion = 6.4;
					};
					3CB4CF511B6FF89D00EBEFEB = {
						CreatedOnToolsVersion = 6.4;
						TestTargetID = 3CB4CF391B6FF89D00EBEFEB;
					};
				};
			};
			buildConfigurationList = 3CB4CF351B6FF89D00EBEFEB /* Build configuration list for PBXProject "PLC" */;
			compatibilityVersion = "Xcode 3.2";
			developmentRegion = English;
			hasScannedForEncodings = 0;
			knownRegions = (
				en,
				Base,
			);
			mainGroup = 3CB4CF311B6FF89D00EBEFEB;
			productRefGroup = 3CB4CF3B1B6FF89D00EBEFEB /* Products */;
			projectDirPath = "";
			projectRoot = "";
			targets = (
				3CB4CF391B6FF89D00EBEFEB /* PLC */,
				3CB4CF511B6FF89D00EBEFEB /* PLCTests */,
			);
		};
/* End PBXProject section */

/* Begin PBXResourcesBuildPhase section */
		3CB4CF381B6FF89D00EBEFEB /* Resources */ = {
			isa = PBXResourcesBuildPhase;
			buildActionMask = 2147483647;
			files = (
				3CB4CF481B6FF89D00EBEFEB /* Main.storyboard in Resources */,
				3CB4CF4D1B6FF89D00EBEFEB /* LaunchScreen.xib in Resources */,
				3CB4CF4A1B6FF89D00EBEFEB /* Images.xcassets in Resources */,
			);
			runOnlyForDeploymentPostprocessing = 0;
		};
		3CB4CF501B6FF89D00EBEFEB /* Resources */ = {
			isa = PBXResourcesBuildPhase;
			buildActionMask = 2147483647;
			files = (
			);
			runOnlyForDeploymentPostprocessing = 0;
		};
/* End PBXResourcesBuildPhase section */

/* Begin PBXSourcesBuildPhase section */
		3CB4CF361B6FF89D00EBEFEB /* Sources */ = {
			isa = PBXSourcesBuildPhase;
			buildActionMask = 2147483647;
			files = (
				3CB4CF451B6FF89D00EBEFEB /* ViewController.swift in Sources */,
				3CB4CF401B6FF89D00EBEFEB /* AppDelegate.swift in Sources */,
				3CB4CF431B6FF89D00EBEFEB /* PLC.xcdatamodeld in Sources */,
			);
			runOnlyForDeploymentPostprocessing = 0;
		};
		3CB4CF4E1B6FF89D00EBEFEB /* Sources */ = {
			isa = PBXSourcesBuildPhase;
			buildActionMask = 2147483647;
			files = (
				3CB4CF591B6FF89D00EBEFEB /* PLCTests.swift in Sources */,
			);
			runOnlyForDeploymentPostprocessing = 0;
		};
/* End PBXSourcesBuildPhase section */

/* Begin PBXTargetDependency section */
		3CB4CF541B6FF89D00EBEFEB /* PBXTargetDependency */ = {
			isa = PBXTargetDependency;
			target = 3CB4CF391B6FF89D00EBEFEB /* PLC */;
			targetProxy = 3CB4CF531B6FF89D00EBEFEB /* PBXContainerItemProxy */;
		};
/* End PBXTargetDependency section */

/* Begin PBXVariantGroup section */
		3CB4CF461B6FF89D00EBEFEB /* Main.storyboard */ = {
			isa = PBXVariantGroup;
			children = (
				3CB4CF471B6FF89D00EBEFEB /* Base */,
			);
			name = Main.storyboard;
			sourceTree = "<group>";
		};
		3CB4CF4B1B6FF89D00EBEFEB /* LaunchScreen.xib */ = {
			isa = PBXVariantGroup;
			children = (
				3CB4CF4C1B6FF89D00EBEFEB /* Base */,
			);
			name = LaunchScreen.xib;
			sourceTree = "<group>";
		};
/* End PBXVariantGroup section */

/* Begin XCBuildConfiguration section */
		3CB4CF5A1B6FF89D00EBEFEB /* Debug */ = {
			isa = XCBuildConfiguration;
			buildSettings = {
				ALWAYS_SEARCH_USER_PATHS = NO;
				CLANG_CXX_LANGUAGE_STANDARD = "gnu++0x";
				CLANG_CXX_LIBRARY = "libc++";
				CLANG_ENABLE_MODULES = YES;
				CLANG_ENABLE_OBJC_ARC = YES;
				CLANG_WARN_BOOL_CONVERSION = YES;
				CLANG_WARN_CONSTANT_CONVERSION = YES;
				CLANG_WARN_DIRECT_OBJC_ISA_USAGE = YES_ERROR;
				CLANG_WARN_EMPTY_BODY = YES;
				CLANG_WARN_ENUM_CONVERSION = YES;
				CLANG_WARN_INT_CONVERSION = YES;
				CLANG_WARN_OBJC_ROOT_CLASS = YES_ERROR;
				CLANG_WARN_UNREACHABLE_CODE = YES;
				CLANG_WARN__DUPLICATE_METHOD_MATCH = YES;
				"CODE_SIGN_IDENTITY[sdk=iphoneos*]" = "iPhone Developer";
				COPY_PHASE_STRIP = NO;
				DEBUG_INFORMATION_FORMAT = "dwarf-with-dsym";
				ENABLE_STRICT_OBJC_MSGSEND = YES;
				GCC_C_LANGUAGE_STANDARD = gnu99;
				GCC_DYNAMIC_NO_PIC = NO;
				GCC_NO_COMMON_BLOCKS = YES;
				GCC_OPTIMIZATION_LEVEL = 0;
				GCC_PREPROCESSOR_DEFINITIONS = (
					"DEBUG=1",
					"$(inherited)",
				);
				GCC_SYMBOLS_PRIVATE_EXTERN = NO;
				GCC_WARN_64_TO_32_BIT_CONVERSION = YES;
				GCC_WARN_ABOUT_RETURN_TYPE = YES_ERROR;
				GCC_WARN_UNDECLARED_SELECTOR = YES;
				GCC_WARN_UNINITIALIZED_AUTOS = YES_AGGRESSIVE;
				GCC_WARN_UNUSED_FUNCTION = YES;
				GCC_WARN_UNUSED_VARIABLE = YES;
				IPHONEOS_DEPLOYMENT_TARGET = 8.4;
				MTL_ENABLE_DEBUG_INFO = YES;
				ONLY_ACTIVE_ARCH = YES;
				SDKROOT = iphoneos;
				SWIFT_OPTIMIZATION_LEVEL = "-Onone";
				TARGETED_DEVICE_FAMILY = "1,2";
			};
			name = Debug;
		};
		3CB4CF5B1B6FF89D00EBEFEB /* Release */ = {
			isa = XCBuildConfiguration;
			buildSettings = {
				ALWAYS_SEARCH_USER_PATHS = NO;
				CLANG_CXX_LANGUAGE_STANDARD = "gnu++0x";
				CLANG_CXX_LIBRARY = "libc++";
				CLANG_ENABLE_MODULES = YES;
				CLANG_ENABLE_OBJC_ARC = YES;
				CLANG_WARN_BOOL_CONVERSION = YES;
				CLANG_WARN_CONSTANT_CONVERSION = YES;
				CLANG_WARN_DIRECT_OBJC_ISA_USAGE = YES_ERROR;
				CLANG_WARN_EMPTY_BODY = YES;
				CLANG_WARN_ENUM_CONVERSION = YES;
				CLANG_WARN_INT_CONVERSION = YES;
				CLANG_WARN_OBJC_ROOT_CLASS = YES_ERROR;
				CLANG_WARN_UNREACHABLE_CODE = YES;
				CLANG_WARN__DUPLICATE_METHOD_MATCH = YES;
				"CODE_SIGN_IDENTITY[sdk=iphoneos*]" = "iPhone Developer";
				COPY_PHASE_STRIP = NO;
				DEBUG_INFORMATION_FORMAT = "dwarf-with-dsym";
				ENABLE_NS_ASSERTIONS = NO;
				ENABLE_STRICT_OBJC_MSGSEND = YES;
				GCC_C_LANGUAGE_STANDARD = gnu99;
				GCC_NO_COMMON_BLOCKS = YES;
				GCC_WARN_64_TO_32_BIT_CONVERSION = YES;
				GCC_WARN_ABOUT_RETURN_TYPE = YES_ERROR;
				GCC_WARN_UNDECLARED_SELECTOR = YES;
				GCC_WARN_UNINITIALIZED_AUTOS = YES_AGGRESSIVE;
				GCC_WARN_UNUSED_FUNCTION = YES;
				GCC_WARN_UNUSED_VARIABLE = YES;
				IPHONEOS_DEPLOYMENT_TARGET = 8.4;
				MTL_ENABLE_DEBUG_INFO = NO;
				SDKROOT = iphoneos;
				TARGETED_DEVICE_FAMILY = "1,2";
				VALIDATE_PRODUCT = YES;
			};
			name = Release;
		};
		3CB4CF5D1B6FF89D00EBEFEB /* Debug */ = {
			isa = XCBuildConfiguration;
			buildSettings = {
				ASSETCATALOG_COMPILER_APPICON_NAME = AppIcon;
				INFOPLIST_FILE = PLC/Info.plist;
				LD_RUNPATH_SEARCH_PATHS = "$(inherited) @executable_path/Frameworks";
				PRODUCT_NAME = "$(TARGET_NAME)";
			};
			name = Debug;
		};
		3CB4CF5E1B6FF89D00EBEFEB /* Release */ = {
			isa = XCBuildConfiguration;
			buildSettings = {
				ASSETCATALOG_COMPILER_APPICON_NAME = AppIcon;
				INFOPLIST_FILE = PLC/Info.plist;
				LD_RUNPATH_SEARCH_PATHS = "$(inherited) @executable_path/Frameworks";
				PRODUCT_NAME = "$(TARGET_NAME)";
			};
			name = Release;
		};
		3CB4CF601B6FF89D00EBEFEB /* Debug */ = {
			isa = XCBuildConfiguration;
			buildSettings = {
				BUNDLE_LOADER = "$(TEST_HOST)";
				FRAMEWORK_SEARCH_PATHS = (
					"$(SDKROOT)/Developer/Library/Frameworks",
					"$(inherited)",
				);
				GCC_PREPROCESSOR_DEFINITIONS = (
					"DEBUG=1",
					"$(inherited)",
				);
				INFOPLIST_FILE = PLCTests/Info.plist;
				LD_RUNPATH_SEARCH_PATHS = "$(inherited) @executable_path/Frameworks @loader_path/Frameworks";
				PRODUCT_NAME = "$(TARGET_NAME)";
				TEST_HOST = "$(BUILT_PRODUCTS_DIR)/PLC.app/PLC";
			};
			name = Debug;
		};
		3CB4CF611B6FF89D00EBEFEB /* Release */ = {
			isa = XCBuildConfiguration;
			buildSettings = {
				BUNDLE_LOADER = "$(TEST_HOST)";
				FRAMEWORK_SEARCH_PATHS = (
					"$(SDKROOT)/Developer/Library/Frameworks",
					"$(inherited)",
				);
				INFOPLIST_FILE = PLCTests/Info.plist;
				LD_RUNPATH_SEARCH_PATHS = "$(inherited) @executable_path/Frameworks @loader_path/Frameworks";
				PRODUCT_NAME = "$(TARGET_NAME)";
				TEST_HOST = "$(BUILT_PRODUCTS_DIR)/PLC.app/PLC";
			};
			name = Release;
		};
/* End XCBuildConfiguration section */

/* Begin XCConfigurationList section */
		3CB4CF351B6FF89D00EBEFEB /* Build configuration list for PBXProject "PLC" */ = {
			isa = XCConfigurationList;
			buildConfigurations = (
				3CB4CF5A1B6FF89D00EBEFEB /* Debug */,
				3CB4CF5B1B6FF89D00EBEFEB /* Release */,
			);
			defaultConfigurationIsVisible = 0;
			defaultConfigurationName = Release;
		};
		3CB4CF5C1B6FF89D00EBEFEB /* Build configuration list for PBXNativeTarget "PLC" */ = {
			isa = XCConfigurationList;
			buildConfigurations = (
				3CB4CF5D1B6FF89D00EBEFEB /* Debug */,
				3CB4CF5E1B6FF89D00EBEFEB /* Release */,
			);
			defaultConfigurationIsVisible = 0;
		};
		3CB4CF5F1B6FF89D00EBEFEB /* Build configuration list for PBXNativeTarget "PLCTests" */ = {
			isa = XCConfigurationList;
			buildConfigurations = (
				3CB4CF601B6FF89D00EBEFEB /* Debug */,
				3CB4CF611B6FF89D00EBEFEB /* Release */,
			);
			defaultConfigurationIsVisible = 0;
		};
/* End XCConfigurationList section */

/* Begin XCVersionGroup section */
		3CB4CF411B6FF89D00EBEFEB /* PLC.xcdatamodeld */ = {
			isa = XCVersionGroup;
			children = (
				3CB4CF421B6FF89D00EBEFEB /* PLC.xcdatamodel */,
			);
			currentVersion = 3CB4CF421B6FF89D00EBEFEB /* PLC.xcdatamodel */;
			path = PLC.xcdatamodeld;
			sourceTree = "<group>";
			versionGroupType = wrapper.xcdatamodel;
		};
/* End XCVersionGroup section */
	};
	rootObject = 3CB4CF321B6FF89D00EBEFEB /* Project object */;
}
