// !$*UTF8*$!
{
	archiveVersion = 1;
	classes = {
	};
	objectVersion = 46;
	objects = {

/* Begin PBXBuildFile section */
		3C22D9871B6FFC4C0054DCE1 /* Localizable.strings in Resources */ = {isa = PBXBuildFile; fileRef = 3C22D9891B6FFC4C0054DCE1 /* Localizable.strings */; };
		3CAD8FA51B9864DC0018693F /* MainTableViewController.swift in Sources */ = {isa = PBXBuildFile; fileRef = 3CAD8FA41B9864DC0018693F /* MainTableViewController.swift */; settings = {ASSET_TAGS = (); }; };
		3CB4CF401B6FF89D00EBEFEB /* AppDelegate.swift in Sources */ = {isa = PBXBuildFile; fileRef = 3CB4CF3F1B6FF89D00EBEFEB /* AppDelegate.swift */; };
		3CB4CF481B6FF89D00EBEFEB /* Main.storyboard in Resources */ = {isa = PBXBuildFile; fileRef = 3CB4CF461B6FF89D00EBEFEB /* Main.storyboard */; };
		3CB4CF4A1B6FF89D00EBEFEB /* Images.xcassets in Resources */ = {isa = PBXBuildFile; fileRef = 3CB4CF491B6FF89D00EBEFEB /* Images.xcassets */; };
		3CB4CF4D1B6FF89D00EBEFEB /* LaunchScreen.xib in Resources */ = {isa = PBXBuildFile; fileRef = 3CB4CF4B1B6FF89D00EBEFEB /* LaunchScreen.xib */; };
		3CD152E81B7CFD2E004E9621 /* PLC.xcdatamodeld in Sources */ = {isa = PBXBuildFile; fileRef = 3CD152E61B7CFD2E004E9621 /* PLC.xcdatamodeld */; };
		3CD152EA1B7CFF74004E9621 /* Server.swift in Sources */ = {isa = PBXBuildFile; fileRef = 3CD152E91B7CFF74004E9621 /* Server.swift */; };
		3CD152EC1B7D03E4004E9621 /* Array+Move.swift in Sources */ = {isa = PBXBuildFile; fileRef = 3CD152EB1B7D03E4004E9621 /* Array+Move.swift */; };
		3CD152EE1B7D0EE5004E9621 /* EditServerTableViewController.swift in Sources */ = {isa = PBXBuildFile; fileRef = 3CD152ED1B7D0EE5004E9621 /* EditServerTableViewController.swift */; };
		3CD7AF2E1B7BDBC10023369B /* CoreData.swift in Sources */ = {isa = PBXBuildFile; fileRef = 3CD7AF2A1B7BDBC10023369B /* CoreData.swift */; };
		3CD7AF2F1B7BDBC10023369B /* CoreDataHelpers.swift in Sources */ = {isa = PBXBuildFile; fileRef = 3CD7AF2B1B7BDBC10023369B /* CoreDataHelpers.swift */; };
		3CD7AF351B7BDD2B0023369B /* ServerListTableViewController.swift in Sources */ = {isa = PBXBuildFile; fileRef = 3CD7AF331B7BDD2B0023369B /* ServerListTableViewController.swift */; };
		3CD7AF391B7BDD570023369B /* S7Client.swift in Sources */ = {isa = PBXBuildFile; fileRef = 3CD7AF371B7BDD570023369B /* S7Client.swift */; };
		3CD7AF3A1B7BDD570023369B /* String+Localization.swift in Sources */ = {isa = PBXBuildFile; fileRef = 3CD7AF381B7BDD570023369B /* String+Localization.swift */; };
		3CD7AF5C1B7BDDBA0023369B /* s7_client.cpp in Sources */ = {isa = PBXBuildFile; fileRef = 3CD7AF3C1B7BDDB90023369B /* s7_client.cpp */; };
		3CD7AF5D1B7BDDBA0023369B /* s7_isotcp.cpp in Sources */ = {isa = PBXBuildFile; fileRef = 3CD7AF3F1B7BDDB90023369B /* s7_isotcp.cpp */; };
		3CD7AF5E1B7BDDBA0023369B /* s7_micro_client.cpp in Sources */ = {isa = PBXBuildFile; fileRef = 3CD7AF411B7BDDB90023369B /* s7_micro_client.cpp */; };
		3CD7AF5F1B7BDDBA0023369B /* s7_partner.cpp in Sources */ = {isa = PBXBuildFile; fileRef = 3CD7AF431B7BDDB90023369B /* s7_partner.cpp */; };
		3CD7AF601B7BDDBA0023369B /* s7_peer.cpp in Sources */ = {isa = PBXBuildFile; fileRef = 3CD7AF451B7BDDB90023369B /* s7_peer.cpp */; };
		3CD7AF611B7BDDBA0023369B /* s7_server.cpp in Sources */ = {isa = PBXBuildFile; fileRef = 3CD7AF471B7BDDB90023369B /* s7_server.cpp */; };
		3CD7AF621B7BDDBA0023369B /* s7_text.cpp in Sources */ = {isa = PBXBuildFile; fileRef = 3CD7AF491B7BDDB90023369B /* s7_text.cpp */; };
		3CD7AF631B7BDDBA0023369B /* snap7.cpp in Sources */ = {isa = PBXBuildFile; fileRef = 3CD7AF4C1B7BDDB90023369B /* snap7.cpp */; };
		3CD7AF641B7BDDBA0023369B /* snap7_libmain.cpp in Sources */ = {isa = PBXBuildFile; fileRef = 3CD7AF4E1B7BDDB90023369B /* snap7_libmain.cpp */; };
		3CD7AF651B7BDDBA0023369B /* snap_msgsock.cpp in Sources */ = {isa = PBXBuildFile; fileRef = 3CD7AF501B7BDDB90023369B /* snap_msgsock.cpp */; };
		3CD7AF661B7BDDBA0023369B /* snap_sysutils.cpp in Sources */ = {isa = PBXBuildFile; fileRef = 3CD7AF531B7BDDBA0023369B /* snap_sysutils.cpp */; };
		3CD7AF671B7BDDBA0023369B /* snap_tcpsrvr.cpp in Sources */ = {isa = PBXBuildFile; fileRef = 3CD7AF551B7BDDBA0023369B /* snap_tcpsrvr.cpp */; };
		3CD7AF681B7BDDBA0023369B /* snap_threads.cpp in Sources */ = {isa = PBXBuildFile; fileRef = 3CD7AF571B7BDDBA0023369B /* snap_threads.cpp */; };
/* End PBXBuildFile section */

/* Begin PBXFileReference section */
		3C0BDD651B713A8100726E95 /* PLC-Bridging-Header.h */ = {isa = PBXFileReference; lastKnownFileType = sourcecode.c.h; path = "PLC-Bridging-Header.h"; sourceTree = "<group>"; };
		3C22D9881B6FFC4C0054DCE1 /* Base */ = {isa = PBXFileReference; lastKnownFileType = text.plist.strings; name = Base; path = Base.lproj/Localizable.strings; sourceTree = "<group>"; };
		3C22D98A1B6FFC4E0054DCE1 /* de */ = {isa = PBXFileReference; lastKnownFileType = text.plist.strings; name = de; path = de.lproj/Localizable.strings; sourceTree = "<group>"; };
		3C4E95A31B96159B006966BE /* de */ = {isa = PBXFileReference; lastKnownFileType = text.plist.strings; name = de; path = de.lproj/Main.strings; sourceTree = "<group>"; };
		3CAD8FA41B9864DC0018693F /* MainTableViewController.swift */ = {isa = PBXFileReference; fileEncoding = 4; lastKnownFileType = sourcecode.swift; path = MainTableViewController.swift; sourceTree = "<group>"; };
		3CB4CF3A1B6FF89D00EBEFEB /* PLC.app */ = {isa = PBXFileReference; explicitFileType = wrapper.application; includeInIndex = 0; path = PLC.app; sourceTree = BUILT_PRODUCTS_DIR; };
		3CB4CF3E1B6FF89D00EBEFEB /* Info.plist */ = {isa = PBXFileReference; lastKnownFileType = text.plist.xml; path = Info.plist; sourceTree = "<group>"; };
		3CB4CF3F1B6FF89D00EBEFEB /* AppDelegate.swift */ = {isa = PBXFileReference; lastKnownFileType = sourcecode.swift; path = AppDelegate.swift; sourceTree = "<group>"; };
		3CB4CF471B6FF89D00EBEFEB /* Base */ = {isa = PBXFileReference; lastKnownFileType = file.storyboard; name = Base; path = Base.lproj/Main.storyboard; sourceTree = "<group>"; };
		3CB4CF491B6FF89D00EBEFEB /* Images.xcassets */ = {isa = PBXFileReference; lastKnownFileType = folder.assetcatalog; path = Images.xcassets; sourceTree = "<group>"; };
		3CB4CF4C1B6FF89D00EBEFEB /* Base */ = {isa = PBXFileReference; lastKnownFileType = file.xib; name = Base; path = Base.lproj/LaunchScreen.xib; sourceTree = "<group>"; };
		3CD152E71B7CFD2E004E9621 /* PLC.xcdatamodel */ = {isa = PBXFileReference; lastKnownFileType = wrapper.xcdatamodel; path = PLC.xcdatamodel; sourceTree = "<group>"; };
		3CD152E91B7CFF74004E9621 /* Server.swift */ = {isa = PBXFileReference; fileEncoding = 4; lastKnownFileType = sourcecode.swift; path = Server.swift; sourceTree = "<group>"; };
		3CD152EB1B7D03E4004E9621 /* Array+Move.swift */ = {isa = PBXFileReference; fileEncoding = 4; lastKnownFileType = sourcecode.swift; path = "Array+Move.swift"; sourceTree = "<group>"; };
		3CD152ED1B7D0EE5004E9621 /* EditServerTableViewController.swift */ = {isa = PBXFileReference; fileEncoding = 4; lastKnownFileType = sourcecode.swift; path = EditServerTableViewController.swift; sourceTree = "<group>"; };
		3CD7AF2A1B7BDBC10023369B /* CoreData.swift */ = {isa = PBXFileReference; fileEncoding = 4; lastKnownFileType = sourcecode.swift; path = CoreData.swift; sourceTree = "<group>"; };
		3CD7AF2B1B7BDBC10023369B /* CoreDataHelpers.swift */ = {isa = PBXFileReference; fileEncoding = 4; lastKnownFileType = sourcecode.swift; path = CoreDataHelpers.swift; sourceTree = "<group>"; };
		3CD7AF331B7BDD2B0023369B /* ServerListTableViewController.swift */ = {isa = PBXFileReference; fileEncoding = 4; lastKnownFileType = sourcecode.swift; path = ServerListTableViewController.swift; sourceTree = "<group>"; };
		3CD7AF371B7BDD570023369B /* S7Client.swift */ = {isa = PBXFileReference; fileEncoding = 4; lastKnownFileType = sourcecode.swift; path = S7Client.swift; sourceTree = "<group>"; };
		3CD7AF381B7BDD570023369B /* String+Localization.swift */ = {isa = PBXFileReference; fileEncoding = 4; lastKnownFileType = sourcecode.swift; path = "String+Localization.swift"; sourceTree = "<group>"; };
		3CD7AF3C1B7BDDB90023369B /* s7_client.cpp */ = {isa = PBXFileReference; fileEncoding = 4; lastKnownFileType = sourcecode.cpp.cpp; path = s7_client.cpp; sourceTree = "<group>"; };
		3CD7AF3D1B7BDDB90023369B /* s7_client.h */ = {isa = PBXFileReference; fileEncoding = 4; lastKnownFileType = sourcecode.c.h; path = s7_client.h; sourceTree = "<group>"; };
		3CD7AF3E1B7BDDB90023369B /* s7_firmware.h */ = {isa = PBXFileReference; fileEncoding = 4; lastKnownFileType = sourcecode.c.h; path = s7_firmware.h; sourceTree = "<group>"; };
		3CD7AF3F1B7BDDB90023369B /* s7_isotcp.cpp */ = {isa = PBXFileReference; fileEncoding = 4; lastKnownFileType = sourcecode.cpp.cpp; path = s7_isotcp.cpp; sourceTree = "<group>"; };
		3CD7AF401B7BDDB90023369B /* s7_isotcp.h */ = {isa = PBXFileReference; fileEncoding = 4; lastKnownFileType = sourcecode.c.h; path = s7_isotcp.h; sourceTree = "<group>"; };
		3CD7AF411B7BDDB90023369B /* s7_micro_client.cpp */ = {isa = PBXFileReference; fileEncoding = 4; lastKnownFileType = sourcecode.cpp.cpp; path = s7_micro_client.cpp; sourceTree = "<group>"; };
		3CD7AF421B7BDDB90023369B /* s7_micro_client.h */ = {isa = PBXFileReference; fileEncoding = 4; lastKnownFileType = sourcecode.c.h; path = s7_micro_client.h; sourceTree = "<group>"; };
		3CD7AF431B7BDDB90023369B /* s7_partner.cpp */ = {isa = PBXFileReference; fileEncoding = 4; lastKnownFileType = sourcecode.cpp.cpp; path = s7_partner.cpp; sourceTree = "<group>"; };
		3CD7AF441B7BDDB90023369B /* s7_partner.h */ = {isa = PBXFileReference; fileEncoding = 4; lastKnownFileType = sourcecode.c.h; path = s7_partner.h; sourceTree = "<group>"; };
		3CD7AF451B7BDDB90023369B /* s7_peer.cpp */ = {isa = PBXFileReference; fileEncoding = 4; lastKnownFileType = sourcecode.cpp.cpp; path = s7_peer.cpp; sourceTree = "<group>"; };
		3CD7AF461B7BDDB90023369B /* s7_peer.h */ = {isa = PBXFileReference; fileEncoding = 4; lastKnownFileType = sourcecode.c.h; path = s7_peer.h; sourceTree = "<group>"; };
		3CD7AF471B7BDDB90023369B /* s7_server.cpp */ = {isa = PBXFileReference; fileEncoding = 4; lastKnownFileType = sourcecode.cpp.cpp; path = s7_server.cpp; sourceTree = "<group>"; };
		3CD7AF481B7BDDB90023369B /* s7_server.h */ = {isa = PBXFileReference; fileEncoding = 4; lastKnownFileType = sourcecode.c.h; path = s7_server.h; sourceTree = "<group>"; };
		3CD7AF491B7BDDB90023369B /* s7_text.cpp */ = {isa = PBXFileReference; fileEncoding = 4; lastKnownFileType = sourcecode.cpp.cpp; path = s7_text.cpp; sourceTree = "<group>"; };
		3CD7AF4A1B7BDDB90023369B /* s7_text.h */ = {isa = PBXFileReference; fileEncoding = 4; lastKnownFileType = sourcecode.c.h; path = s7_text.h; sourceTree = "<group>"; };
		3CD7AF4B1B7BDDB90023369B /* s7_types.h */ = {isa = PBXFileReference; fileEncoding = 4; lastKnownFileType = sourcecode.c.h; path = s7_types.h; sourceTree = "<group>"; };
		3CD7AF4C1B7BDDB90023369B /* snap7.cpp */ = {isa = PBXFileReference; fileEncoding = 4; lastKnownFileType = sourcecode.cpp.cpp; path = snap7.cpp; sourceTree = "<group>"; };
		3CD7AF4D1B7BDDB90023369B /* snap7.h */ = {isa = PBXFileReference; fileEncoding = 4; lastKnownFileType = sourcecode.c.h; path = snap7.h; sourceTree = "<group>"; };
		3CD7AF4E1B7BDDB90023369B /* snap7_libmain.cpp */ = {isa = PBXFileReference; fileEncoding = 4; lastKnownFileType = sourcecode.cpp.cpp; path = snap7_libmain.cpp; sourceTree = "<group>"; };
		3CD7AF4F1B7BDDB90023369B /* snap7_libmain.h */ = {isa = PBXFileReference; fileEncoding = 4; lastKnownFileType = sourcecode.c.h; path = snap7_libmain.h; sourceTree = "<group>"; };
		3CD7AF501B7BDDB90023369B /* snap_msgsock.cpp */ = {isa = PBXFileReference; fileEncoding = 4; lastKnownFileType = sourcecode.cpp.cpp; path = snap_msgsock.cpp; sourceTree = "<group>"; };
		3CD7AF511B7BDDBA0023369B /* snap_msgsock.h */ = {isa = PBXFileReference; fileEncoding = 4; lastKnownFileType = sourcecode.c.h; path = snap_msgsock.h; sourceTree = "<group>"; };
		3CD7AF521B7BDDBA0023369B /* snap_platform.h */ = {isa = PBXFileReference; fileEncoding = 4; lastKnownFileType = sourcecode.c.h; path = snap_platform.h; sourceTree = "<group>"; };
		3CD7AF531B7BDDBA0023369B /* snap_sysutils.cpp */ = {isa = PBXFileReference; fileEncoding = 4; lastKnownFileType = sourcecode.cpp.cpp; path = snap_sysutils.cpp; sourceTree = "<group>"; };
		3CD7AF541B7BDDBA0023369B /* snap_sysutils.h */ = {isa = PBXFileReference; fileEncoding = 4; lastKnownFileType = sourcecode.c.h; path = snap_sysutils.h; sourceTree = "<group>"; };
		3CD7AF551B7BDDBA0023369B /* snap_tcpsrvr.cpp */ = {isa = PBXFileReference; fileEncoding = 4; lastKnownFileType = sourcecode.cpp.cpp; path = snap_tcpsrvr.cpp; sourceTree = "<group>"; };
		3CD7AF561B7BDDBA0023369B /* snap_tcpsrvr.h */ = {isa = PBXFileReference; fileEncoding = 4; lastKnownFileType = sourcecode.c.h; path = snap_tcpsrvr.h; sourceTree = "<group>"; };
		3CD7AF571B7BDDBA0023369B /* snap_threads.cpp */ = {isa = PBXFileReference; fileEncoding = 4; lastKnownFileType = sourcecode.cpp.cpp; path = snap_threads.cpp; sourceTree = "<group>"; };
		3CD7AF581B7BDDBA0023369B /* snap_threads.h */ = {isa = PBXFileReference; fileEncoding = 4; lastKnownFileType = sourcecode.c.h; path = snap_threads.h; sourceTree = "<group>"; };
		3CD7AF591B7BDDBA0023369B /* sol_threads.h */ = {isa = PBXFileReference; fileEncoding = 4; lastKnownFileType = sourcecode.c.h; path = sol_threads.h; sourceTree = "<group>"; };
		3CD7AF5A1B7BDDBA0023369B /* unix_threads.h */ = {isa = PBXFileReference; fileEncoding = 4; lastKnownFileType = sourcecode.c.h; path = unix_threads.h; sourceTree = "<group>"; };
		3CD7AF5B1B7BDDBA0023369B /* win_threads.h */ = {isa = PBXFileReference; fileEncoding = 4; lastKnownFileType = sourcecode.c.h; path = win_threads.h; sourceTree = "<group>"; };
/* End PBXFileReference section */

/* Begin PBXFrameworksBuildPhase section */
		3CB4CF371B6FF89D00EBEFEB /* Frameworks */ = {
			isa = PBXFrameworksBuildPhase;
			buildActionMask = 2147483647;
			files = (
			);
			runOnlyForDeploymentPostprocessing = 0;
		};
/* End PBXFrameworksBuildPhase section */

/* Begin PBXGroup section */
		3CB4CF311B6FF89D00EBEFEB = {
			isa = PBXGroup;
			children = (
				3CB4CF3C1B6FF89D00EBEFEB /* PLC */,
				3CB4CF3B1B6FF89D00EBEFEB /* Products */,
			);
			sourceTree = "<group>";
		};
		3CB4CF3B1B6FF89D00EBEFEB /* Products */ = {
			isa = PBXGroup;
			children = (
				3CB4CF3A1B6FF89D00EBEFEB /* PLC.app */,
			);
			name = Products;
			sourceTree = "<group>";
		};
		3CB4CF3C1B6FF89D00EBEFEB /* PLC */ = {
			isa = PBXGroup;
			children = (
				3C0BDD651B713A8100726E95 /* PLC-Bridging-Header.h */,
				3CB4CF3F1B6FF89D00EBEFEB /* AppDelegate.swift */,
				3CD7AF3B1B7BDDB90023369B /* SNAP7 */,
				3CD7AF361B7BDD570023369B /* Core */,
				3CD7AF311B7BDD2B0023369B /* ViewControllers */,
				3CD7AF291B7BDBC10023369B /* CoreData */,
				3CB4CF3D1B6FF89D00EBEFEB /* Resources */,
			);
			path = PLC;
			sourceTree = "<group>";
		};
		3CB4CF3D1B6FF89D00EBEFEB /* Resources */ = {
			isa = PBXGroup;
			children = (
				3C22D9891B6FFC4C0054DCE1 /* Localizable.strings */,
				3CB4CF491B6FF89D00EBEFEB /* Images.xcassets */,
				3CB4CF3E1B6FF89D00EBEFEB /* Info.plist */,
			);
			name = Resources;
			sourceTree = "<group>";
		};
		3CD7AF291B7BDBC10023369B /* CoreData */ = {
			isa = PBXGroup;
			children = (
				3CD152E61B7CFD2E004E9621 /* PLC.xcdatamodeld */,
				3CD7AF2A1B7BDBC10023369B /* CoreData.swift */,
				3CD7AF2B1B7BDBC10023369B /* CoreDataHelpers.swift */,
				3CD7AF2C1B7BDBC10023369B /* Entities */,
			);
			path = CoreData;
			sourceTree = "<group>";
		};
		3CD7AF2C1B7BDBC10023369B /* Entities */ = {
			isa = PBXGroup;
			children = (
				3CD152E91B7CFF74004E9621 /* Server.swift */,
			);
			path = Entities;
			sourceTree = "<group>";
		};
		3CD7AF311B7BDD2B0023369B /* ViewControllers */ = {
			isa = PBXGroup;
			children = (
				3CB4CF461B6FF89D00EBEFEB /* Main.storyboard */,
				3CB4CF4B1B6FF89D00EBEFEB /* LaunchScreen.xib */,
				3CD7AF331B7BDD2B0023369B /* ServerListTableViewController.swift */,
				3CD152ED1B7D0EE5004E9621 /* EditServerTableViewController.swift */,
				3CAD8FA41B9864DC0018693F /* MainTableViewController.swift */,
			);
			path = ViewControllers;
			sourceTree = "<group>";
		};
		3CD7AF361B7BDD570023369B /* Core */ = {
			isa = PBXGroup;
			children = (
				3CD7AF371B7BDD570023369B /* S7Client.swift */,
				3CD7AF381B7BDD570023369B /* String+Localization.swift */,
				3CD152EB1B7D03E4004E9621 /* Array+Move.swift */,
			);
			path = Core;
			sourceTree = "<group>";
		};
		3CD7AF3B1B7BDDB90023369B /* SNAP7 */ = {
			isa = PBXGroup;
			children = (
				3CD7AF3C1B7BDDB90023369B /* s7_client.cpp */,
				3CD7AF3D1B7BDDB90023369B /* s7_client.h */,
				3CD7AF3E1B7BDDB90023369B /* s7_firmware.h */,
				3CD7AF3F1B7BDDB90023369B /* s7_isotcp.cpp */,
				3CD7AF401B7BDDB90023369B /* s7_isotcp.h */,
				3CD7AF411B7BDDB90023369B /* s7_micro_client.cpp */,
				3CD7AF421B7BDDB90023369B /* s7_micro_client.h */,
				3CD7AF431B7BDDB90023369B /* s7_partner.cpp */,
				3CD7AF441B7BDDB90023369B /* s7_partner.h */,
				3CD7AF451B7BDDB90023369B /* s7_peer.cpp */,
				3CD7AF461B7BDDB90023369B /* s7_peer.h */,
				3CD7AF471B7BDDB90023369B /* s7_server.cpp */,
				3CD7AF481B7BDDB90023369B /* s7_server.h */,
				3CD7AF491B7BDDB90023369B /* s7_text.cpp */,
				3CD7AF4A1B7BDDB90023369B /* s7_text.h */,
				3CD7AF4B1B7BDDB90023369B /* s7_types.h */,
				3CD7AF4C1B7BDDB90023369B /* snap7.cpp */,
				3CD7AF4D1B7BDDB90023369B /* snap7.h */,
				3CD7AF4E1B7BDDB90023369B /* snap7_libmain.cpp */,
				3CD7AF4F1B7BDDB90023369B /* snap7_libmain.h */,
				3CD7AF501B7BDDB90023369B /* snap_msgsock.cpp */,
				3CD7AF511B7BDDBA0023369B /* snap_msgsock.h */,
				3CD7AF521B7BDDBA0023369B /* snap_platform.h */,
				3CD7AF531B7BDDBA0023369B /* snap_sysutils.cpp */,
				3CD7AF541B7BDDBA0023369B /* snap_sysutils.h */,
				3CD7AF551B7BDDBA0023369B /* snap_tcpsrvr.cpp */,
				3CD7AF561B7BDDBA0023369B /* snap_tcpsrvr.h */,
				3CD7AF571B7BDDBA0023369B /* snap_threads.cpp */,
				3CD7AF581B7BDDBA0023369B /* snap_threads.h */,
				3CD7AF591B7BDDBA0023369B /* sol_threads.h */,
				3CD7AF5A1B7BDDBA0023369B /* unix_threads.h */,
				3CD7AF5B1B7BDDBA0023369B /* win_threads.h */,
			);
			path = SNAP7;
			sourceTree = "<group>";
		};
/* End PBXGroup section */

/* Begin PBXNativeTarget section */
		3CB4CF391B6FF89D00EBEFEB /* PLC */ = {
			isa = PBXNativeTarget;
			buildConfigurationList = 3CB4CF5C1B6FF89D00EBEFEB /* Build configuration list for PBXNativeTarget "PLC" */;
			buildPhases = (
				3CB4CF361B6FF89D00EBEFEB /* Sources */,
				3CB4CF371B6FF89D00EBEFEB /* Frameworks */,
				3CB4CF381B6FF89D00EBEFEB /* Resources */,
			);
			buildRules = (
			);
			dependencies = (
			);
			name = PLC;
			productName = PLC;
			productReference = 3CB4CF3A1B6FF89D00EBEFEB /* PLC.app */;
			productType = "com.apple.product-type.application";
		};
/* End PBXNativeTarget section */

/* Begin PBXProject section */
		3CB4CF321B6FF89D00EBEFEB /* Project object */ = {
			isa = PBXProject;
			attributes = {
				LastSwiftUpdateCheck = 0700;
				LastUpgradeCheck = 0700;
				ORGANIZATIONNAME = mani1337;
				TargetAttributes = {
					3CB4CF391B6FF89D00EBEFEB = {
						CreatedOnToolsVersion = 6.4;
					};
				};
			};
			buildConfigurationList = 3CB4CF351B6FF89D00EBEFEB /* Build configuration list for PBXProject "PLC" */;
			compatibilityVersion = "Xcode 3.2";
			developmentRegion = English;
			hasScannedForEncodings = 0;
			knownRegions = (
				Base,
				de,
			);
			mainGroup = 3CB4CF311B6FF89D00EBEFEB;
			productRefGroup = 3CB4CF3B1B6FF89D00EBEFEB /* Products */;
			projectDirPath = "";
			projectRoot = "";
			targets = (
				3CB4CF391B6FF89D00EBEFEB /* PLC */,
			);
		};
/* End PBXProject section */

/* Begin PBXResourcesBuildPhase section */
		3CB4CF381B6FF89D00EBEFEB /* Resources */ = {
			isa = PBXResourcesBuildPhase;
			buildActionMask = 2147483647;
			files = (
				3C22D9871B6FFC4C0054DCE1 /* Localizable.strings in Resources */,
				3CB4CF481B6FF89D00EBEFEB /* Main.storyboard in Resources */,
				3CB4CF4D1B6FF89D00EBEFEB /* LaunchScreen.xib in Resources */,
				3CB4CF4A1B6FF89D00EBEFEB /* Images.xcassets in Resources */,
			);
			runOnlyForDeploymentPostprocessing = 0;
		};
/* End PBXResourcesBuildPhase section */

/* Begin PBXSourcesBuildPhase section */
		3CB4CF361B6FF89D00EBEFEB /* Sources */ = {
			isa = PBXSourcesBuildPhase;
			buildActionMask = 2147483647;
			files = (
				3CD7AF2E1B7BDBC10023369B /* CoreData.swift in Sources */,
				3CD7AF681B7BDDBA0023369B /* snap_threads.cpp in Sources */,
				3CAD8FA51B9864DC0018693F /* MainTableViewController.swift in Sources */,
				3CD152EE1B7D0EE5004E9621 /* EditServerTableViewController.swift in Sources */,
				3CD7AF351B7BDD2B0023369B /* ServerListTableViewController.swift in Sources */,
				3CD152EC1B7D03E4004E9621 /* Array+Move.swift in Sources */,
				3CB4CF401B6FF89D00EBEFEB /* AppDelegate.swift in Sources */,
				3CD7AF391B7BDD570023369B /* S7Client.swift in Sources */,
				3CD7AF631B7BDDBA0023369B /* snap7.cpp in Sources */,
				3CD152EA1B7CFF74004E9621 /* Server.swift in Sources */,
				3CD7AF601B7BDDBA0023369B /* s7_peer.cpp in Sources */,
				3CD7AF611B7BDDBA0023369B /* s7_server.cpp in Sources */,
				3CD7AF5D1B7BDDBA0023369B /* s7_isotcp.cpp in Sources */,
				3CD7AF671B7BDDBA0023369B /* snap_tcpsrvr.cpp in Sources */,
				3CD7AF651B7BDDBA0023369B /* snap_msgsock.cpp in Sources */,
				3CD7AF661B7BDDBA0023369B /* snap_sysutils.cpp in Sources */,
				3CD7AF3A1B7BDD570023369B /* String+Localization.swift in Sources */,
				3CD7AF621B7BDDBA0023369B /* s7_text.cpp in Sources */,
				3CD7AF5E1B7BDDBA0023369B /* s7_micro_client.cpp in Sources */,
				3CD7AF5C1B7BDDBA0023369B /* s7_client.cpp in Sources */,
				3CD7AF2F1B7BDBC10023369B /* CoreDataHelpers.swift in Sources */,
				3CD7AF641B7BDDBA0023369B /* snap7_libmain.cpp in Sources */,
				3CD7AF5F1B7BDDBA0023369B /* s7_partner.cpp in Sources */,
				3CD152E81B7CFD2E004E9621 /* PLC.xcdatamodeld in Sources */,
			);
			runOnlyForDeploymentPostprocessing = 0;
		};
/* End PBXSourcesBuildPhase section */

/* Begin PBXVariantGroup section */
		3C22D9891B6FFC4C0054DCE1 /* Localizable.strings */ = {
			isa = PBXVariantGroup;
			children = (
				3C22D9881B6FFC4C0054DCE1 /* Base */,
				3C22D98A1B6FFC4E0054DCE1 /* de */,
			);
			name = Localizable.strings;
			sourceTree = "<group>";
		};
		3CB4CF461B6FF89D00EBEFEB /* Main.storyboard */ = {
			isa = PBXVariantGroup;
			children = (
				3CB4CF471B6FF89D00EBEFEB /* Base */,
				3C4E95A31B96159B006966BE /* de */,
			);
			name = Main.storyboard;
			path = ..;
			sourceTree = "<group>";
		};
		3CB4CF4B1B6FF89D00EBEFEB /* LaunchScreen.xib */ = {
			isa = PBXVariantGroup;
			children = (
				3CB4CF4C1B6FF89D00EBEFEB /* Base */,
			);
			name = LaunchScreen.xib;
			path = ..;
			sourceTree = "<group>";
		};
/* End PBXVariantGroup section */

/* Begin XCBuildConfiguration section */
		3CB4CF5A1B6FF89D00EBEFEB /* Debug */ = {
			isa = XCBuildConfiguration;
			buildSettings = {
				ALWAYS_SEARCH_USER_PATHS = NO;
				CLANG_CXX_LANGUAGE_STANDARD = "gnu++0x";
				CLANG_CXX_LIBRARY = "libc++";
				CLANG_ENABLE_MODULES = YES;
				CLANG_ENABLE_OBJC_ARC = YES;
				CLANG_WARN_BOOL_CONVERSION = YES;
				CLANG_WARN_CONSTANT_CONVERSION = YES;
				CLANG_WARN_DIRECT_OBJC_ISA_USAGE = YES_ERROR;
				CLANG_WARN_EMPTY_BODY = YES;
				CLANG_WARN_ENUM_CONVERSION = YES;
				CLANG_WARN_INT_CONVERSION = YES;
				CLANG_WARN_OBJC_ROOT_CLASS = YES_ERROR;
				CLANG_WARN_UNREACHABLE_CODE = YES;
				CLANG_WARN__DUPLICATE_METHOD_MATCH = YES;
				"CODE_SIGN_IDENTITY[sdk=iphoneos*]" = "iPhone Developer";
				COPY_PHASE_STRIP = NO;
				DEBUG_INFORMATION_FORMAT = "dwarf-with-dsym";
				ENABLE_STRICT_OBJC_MSGSEND = YES;
				ENABLE_TESTABILITY = YES;
				GCC_C_LANGUAGE_STANDARD = gnu99;
				GCC_DYNAMIC_NO_PIC = NO;
				GCC_NO_COMMON_BLOCKS = YES;
				GCC_OPTIMIZATION_LEVEL = 0;
				GCC_PREPROCESSOR_DEFINITIONS = (
					"DEBUG=1",
					"$(inherited)",
				);
				GCC_SYMBOLS_PRIVATE_EXTERN = NO;
				GCC_WARN_64_TO_32_BIT_CONVERSION = YES;
				GCC_WARN_ABOUT_RETURN_TYPE = YES_ERROR;
				GCC_WARN_UNDECLARED_SELECTOR = YES;
				GCC_WARN_UNINITIALIZED_AUTOS = YES_AGGRESSIVE;
				GCC_WARN_UNUSED_FUNCTION = YES;
				GCC_WARN_UNUSED_VARIABLE = YES;
				IPHONEOS_DEPLOYMENT_TARGET = 8.4;
				MTL_ENABLE_DEBUG_INFO = YES;
				ONLY_ACTIVE_ARCH = YES;
				SDKROOT = iphoneos;
				SWIFT_OPTIMIZATION_LEVEL = "-Onone";
				TARGETED_DEVICE_FAMILY = "1,2";
			};
			name = Debug;
		};
		3CB4CF5B1B6FF89D00EBEFEB /* Release */ = {
			isa = XCBuildConfiguration;
			buildSettings = {
				ALWAYS_SEARCH_USER_PATHS = NO;
				CLANG_CXX_LANGUAGE_STANDARD = "gnu++0x";
				CLANG_CXX_LIBRARY = "libc++";
				CLANG_ENABLE_MODULES = YES;
				CLANG_ENABLE_OBJC_ARC = YES;
				CLANG_WARN_BOOL_CONVERSION = YES;
				CLANG_WARN_CONSTANT_CONVERSION = YES;
				CLANG_WARN_DIRECT_OBJC_ISA_USAGE = YES_ERROR;
				CLANG_WARN_EMPTY_BODY = YES;
				CLANG_WARN_ENUM_CONVERSION = YES;
				CLANG_WARN_INT_CONVERSION = YES;
				CLANG_WARN_OBJC_ROOT_CLASS = YES_ERROR;
				CLANG_WARN_UNREACHABLE_CODE = YES;
				CLANG_WARN__DUPLICATE_METHOD_MATCH = YES;
				"CODE_SIGN_IDENTITY[sdk=iphoneos*]" = "iPhone Developer";
				COPY_PHASE_STRIP = NO;
				DEBUG_INFORMATION_FORMAT = "dwarf-with-dsym";
				ENABLE_NS_ASSERTIONS = NO;
				ENABLE_STRICT_OBJC_MSGSEND = YES;
				GCC_C_LANGUAGE_STANDARD = gnu99;
				GCC_NO_COMMON_BLOCKS = YES;
				GCC_WARN_64_TO_32_BIT_CONVERSION = YES;
				GCC_WARN_ABOUT_RETURN_TYPE = YES_ERROR;
				GCC_WARN_UNDECLARED_SELECTOR = YES;
				GCC_WARN_UNINITIALIZED_AUTOS = YES_AGGRESSIVE;
				GCC_WARN_UNUSED_FUNCTION = YES;
				GCC_WARN_UNUSED_VARIABLE = YES;
				IPHONEOS_DEPLOYMENT_TARGET = 8.4;
				MTL_ENABLE_DEBUG_INFO = NO;
				SDKROOT = iphoneos;
				TARGETED_DEVICE_FAMILY = "1,2";
				VALIDATE_PRODUCT = YES;
			};
			name = Release;
		};
		3CB4CF5D1B6FF89D00EBEFEB /* Debug */ = {
			isa = XCBuildConfiguration;
			buildSettings = {
				ASSETCATALOG_COMPILER_APPICON_NAME = AppIcon;
				CLANG_ENABLE_MODULES = YES;
				INFOPLIST_FILE = PLC/Info.plist;
				LD_RUNPATH_SEARCH_PATHS = "$(inherited) @executable_path/Frameworks";
				PRODUCT_BUNDLE_IDENTIFIER = "at.mani1337.$(PRODUCT_NAME:rfc1034identifier)";
				PRODUCT_NAME = "$(TARGET_NAME)";
				SWIFT_OBJC_BRIDGING_HEADER = "PLC/PLC-Bridging-Header.h";
				SWIFT_OPTIMIZATION_LEVEL = "-Onone";
			};
			name = Debug;
		};
		3CB4CF5E1B6FF89D00EBEFEB /* Release */ = {
			isa = XCBuildConfiguration;
			buildSettings = {
				ASSETCATALOG_COMPILER_APPICON_NAME = AppIcon;
				CLANG_ENABLE_MODULES = YES;
				INFOPLIST_FILE = PLC/Info.plist;
				LD_RUNPATH_SEARCH_PATHS = "$(inherited) @executable_path/Frameworks";
				PRODUCT_BUNDLE_IDENTIFIER = "at.mani1337.$(PRODUCT_NAME:rfc1034identifier)";
				PRODUCT_NAME = "$(TARGET_NAME)";
				SWIFT_OBJC_BRIDGING_HEADER = "PLC/PLC-Bridging-Header.h";
			};
			name = Release;
		};
/* End XCBuildConfiguration section */

/* Begin XCConfigurationList section */
		3CB4CF351B6FF89D00EBEFEB /* Build configuration list for PBXProject "PLC" */ = {
			isa = XCConfigurationList;
			buildConfigurations = (
				3CB4CF5A1B6FF89D00EBEFEB /* Debug */,
				3CB4CF5B1B6FF89D00EBEFEB /* Release */,
			);
			defaultConfigurationIsVisible = 0;
			defaultConfigurationName = Release;
		};
		3CB4CF5C1B6FF89D00EBEFEB /* Build configuration list for PBXNativeTarget "PLC" */ = {
			isa = XCConfigurationList;
			buildConfigurations = (
				3CB4CF5D1B6FF89D00EBEFEB /* Debug */,
				3CB4CF5E1B6FF89D00EBEFEB /* Release */,
			);
			defaultConfigurationIsVisible = 0;
			defaultConfigurationName = Release;
		};
/* End XCConfigurationList section */

/* Begin XCVersionGroup section */
		3CD152E61B7CFD2E004E9621 /* PLC.xcdatamodeld */ = {
			isa = XCVersionGroup;
			children = (
				3CD152E71B7CFD2E004E9621 /* PLC.xcdatamodel */,
			);
			currentVersion = 3CD152E71B7CFD2E004E9621 /* PLC.xcdatamodel */;
			path = PLC.xcdatamodeld;
			sourceTree = "<group>";
			versionGroupType = wrapper.xcdatamodel;
		};
/* End XCVersionGroup section */
	};
	rootObject = 3CB4CF321B6FF89D00EBEFEB /* Project object */;
}
